PODS:
  - AFNetworking (4.0.1):
    - AFNetworking/NSURLSession (= 4.0.1)
    - AFNetworking/Reachability (= 4.0.1)
    - AFNetworking/Security (= 4.0.1)
    - AFNetworking/Serialization (= 4.0.1)
    - AFNetworking/UIKit (= 4.0.1)
  - AFNetworking/NSURLSession (4.0.1):
    - AFNetworking/Reachability
    - AFNetworking/Security
    - AFNetworking/Serialization
  - AFNetworking/Reachability (4.0.1)
  - AFNetworking/Security (4.0.1)
  - AFNetworking/Serialization (4.0.1)
  - AFNetworking/UIKit (4.0.1):
    - AFNetworking/NSURLSession
  - CocoaAsyncSocket (7.6.5)
  - CocoaHTTPServer (2.3):
    - CocoaAsyncSocket
    - CocoaLumberjack
  - CocoaLumberjack (3.7.4):
    - CocoaLumberjack/Core (= 3.7.4)
  - CocoaLumberjack/Core (3.7.4)
  - FBSnapshotTestCase (2.1.4):
    - FBSnapshotTestCase/SwiftSupport (= 2.1.4)
  - FBSnapshotTestCase/Core (2.1.4)
  - FBSnapshotTestCase/SwiftSupport (2.1.4):
    - FBSnapshotTestCase/Core
  - GCDWebServer (3.5.4):
    - GCDWebServer/Core (= 3.5.4)
  - GCDWebServer/Core (3.5.4)
  - Masonry (1.1.0)
  - SDWebImage (5.12.5):
    - SDWebImage/Core (= 5.12.5)
  - SDWebImage/Core (5.12.5)
  - SSHelpTools (0.1.1):
    - SSHelpTools/SSHelpLog (= 0.1.1)
    - SSHelpTools/SSHelpNetwork (= 0.1.1)
    - SSHelpTools/SSHelpTools (= 0.1.1)
    - SSHelpTools/SSHelpWebView (= 0.1.1)
  - SSHelpTools/SSHelpLog (0.1.1):
    - CocoaLumberjack
    - GCDWebServer
  - SSHelpTools/SSHelpNetwork (0.1.1):
    - AFNetworking
  - SSHelpTools/SSHelpTools (0.1.1):
    - Masonry
    - SDWebImage
  - SSHelpTools/SSHelpWebView (0.1.1):
    - SSHelpTools/SSHelpTools
    - WebViewJavascriptBridge
  - WebViewJavascriptBridge (6.0.3)
  - YYKit (1.0.9):
    - YYKit/no-arc (= 1.0.9)
  - YYKit/no-arc (1.0.9)

DEPENDENCIES:
  - CocoaHTTPServer
  - FBSnapshotTestCase
  - SDWebImage
  - SSHelpTools (from `../`)
  - YYKit

SPEC REPOS:
  trunk:
    - AFNetworking
    - CocoaAsyncSocket
    - CocoaHTTPServer
    - CocoaLumberjack
    - FBSnapshotTestCase
    - GCDWebServer
    - Masonry
    - SDWebImage
    - WebViewJavascriptBridge
    - YYKit

EXTERNAL SOURCES:
  SSHelpTools:
    :path: "../"

SPEC CHECKSUMS:
  AFNetworking: 7864c38297c79aaca1500c33288e429c3451fdce
  CocoaAsyncSocket: 065fd1e645c7abab64f7a6a2007a48038fdc6a99
  CocoaHTTPServer: 5624681fc3473d43b18202f635f9b3abb013b530
  CocoaLumberjack: 543c79c114dadc3b1aba95641d8738b06b05b646
  FBSnapshotTestCase: 094f9f314decbabe373b87cc339bea235a63e07a
  GCDWebServer: 2c156a56c8226e2d5c0c3f208a3621ccffbe3ce4
  Masonry: 678fab65091a9290e40e2832a55e7ab731aad201
  SDWebImage: 0905f1b7760fc8ac4198cae0036600d67478751e
  SSHelpTools: e23bfdb0a6a6d7fb9480b1d8db8f5b3caf7114e5
  WebViewJavascriptBridge: 7f5bc4d3581e672e8f32bd0f812d54bc69bb8e29
  YYKit: 7cda43304a8dc3696c449041e2cb3107b4e236e7

PODFILE CHECKSUM: 4e3700f05de1413d0304e87062a6042793ff667a

COCOAPODS: 1.11.2
